// !$*UTF8*$!
{
	archiveVersion = 1;
	classes = {
	};
	objectVersion = 50;
	objects = {

/* Begin PBXBuildFile section */
		3F8AAB2126ECF1E800939DA2 /* AppDelegate.swift in Sources */ = {isa = PBXBuildFile; fileRef = 3F8AAB2026ECF1E800939DA2 /* AppDelegate.swift */; };
		3F8AAB2326ECF1E800939DA2 /* SceneDelegate.swift in Sources */ = {isa = PBXBuildFile; fileRef = 3F8AAB2226ECF1E800939DA2 /* SceneDelegate.swift */; };
		3F8AAB2826ECF1E800939DA2 /* Main.storyboard in Resources */ = {isa = PBXBuildFile; fileRef = 3F8AAB2626ECF1E800939DA2 /* Main.storyboard */; };
		3F8AAB2A26ECF1EB00939DA2 /* Assets.xcassets in Resources */ = {isa = PBXBuildFile; fileRef = 3F8AAB2926ECF1EB00939DA2 /* Assets.xcassets */; };
		3F8AAB2D26ECF1EB00939DA2 /* LaunchScreen.storyboard in Resources */ = {isa = PBXBuildFile; fileRef = 3F8AAB2B26ECF1EB00939DA2 /* LaunchScreen.storyboard */; };
		3F8AAB3826ECF1EC00939DA2 /* AcronymSearchTests.swift in Sources */ = {isa = PBXBuildFile; fileRef = 3F8AAB3726ECF1EC00939DA2 /* AcronymSearchTests.swift */; };
		3F8AAB4326ECF1EC00939DA2 /* AcronymSearchUITests.swift in Sources */ = {isa = PBXBuildFile; fileRef = 3F8AAB4226ECF1EC00939DA2 /* AcronymSearchUITests.swift */; };
		3F8AABC726ECF43D00939DA2 /* Domain.framework in Frameworks */ = {isa = PBXBuildFile; fileRef = 3F8AABC626ECF43D00939DA2 /* Domain.framework */; };
		3F8AABC826ECF43D00939DA2 /* Domain.framework in Embed Frameworks */ = {isa = PBXBuildFile; fileRef = 3F8AABC626ECF43D00939DA2 /* Domain.framework */; settings = {ATTRIBUTES = (CodeSignOnCopy, RemoveHeadersOnCopy, ); }; };
		3F8AABCB26ECF44100939DA2 /* Data.framework in Frameworks */ = {isa = PBXBuildFile; fileRef = 3F8AABCA26ECF44100939DA2 /* Data.framework */; };
		3F8AABCC26ECF44100939DA2 /* Data.framework in Embed Frameworks */ = {isa = PBXBuildFile; fileRef = 3F8AABCA26ECF44100939DA2 /* Data.framework */; settings = {ATTRIBUTES = (CodeSignOnCopy, RemoveHeadersOnCopy, ); }; };
		3F8AABDE26ED008A00939DA2 /* SearchViewController.swift in Sources */ = {isa = PBXBuildFile; fileRef = 3F8AABDD26ED008A00939DA2 /* SearchViewController.swift */; };
/* End PBXBuildFile section */

/* Begin PBXContainerItemProxy section */
		3F8AAB3426ECF1EC00939DA2 /* PBXContainerItemProxy */ = {
			isa = PBXContainerItemProxy;
			containerPortal = 3F8AAB1526ECF1E800939DA2 /* Project object */;
			proxyType = 1;
			remoteGlobalIDString = 3F8AAB1C26ECF1E800939DA2;
			remoteInfo = AcronymSearch;
		};
		3F8AAB3F26ECF1EC00939DA2 /* PBXContainerItemProxy */ = {
			isa = PBXContainerItemProxy;
			containerPortal = 3F8AAB1526ECF1E800939DA2 /* Project object */;
			proxyType = 1;
			remoteGlobalIDString = 3F8AAB1C26ECF1E800939DA2;
			remoteInfo = AcronymSearch;
		};
/* End PBXContainerItemProxy section */

/* Begin PBXCopyFilesBuildPhase section */
		3F8AABC926ECF43E00939DA2 /* Embed Frameworks */ = {
			isa = PBXCopyFilesBuildPhase;
			buildActionMask = 2147483647;
			dstPath = "";
			dstSubfolderSpec = 10;
			files = (
				3F8AABCC26ECF44100939DA2 /* Data.framework in Embed Frameworks */,
				3F8AABC826ECF43D00939DA2 /* Domain.framework in Embed Frameworks */,
			);
			name = "Embed Frameworks";
			runOnlyForDeploymentPostprocessing = 0;
		};
/* End PBXCopyFilesBuildPhase section */

/* Begin PBXFileReference section */
		3F8AAB1D26ECF1E800939DA2 /* AcronymSearch.app */ = {isa = PBXFileReference; explicitFileType = wrapper.application; includeInIndex = 0; path = AcronymSearch.app; sourceTree = BUILT_PRODUCTS_DIR; };
		3F8AAB2026ECF1E800939DA2 /* AppDelegate.swift */ = {isa = PBXFileReference; lastKnownFileType = sourcecode.swift; path = AppDelegate.swift; sourceTree = "<group>"; };
		3F8AAB2226ECF1E800939DA2 /* SceneDelegate.swift */ = {isa = PBXFileReference; lastKnownFileType = sourcecode.swift; path = SceneDelegate.swift; sourceTree = "<group>"; };
		3F8AAB2726ECF1E800939DA2 /* Base */ = {isa = PBXFileReference; lastKnownFileType = file.storyboard; name = Base; path = Base.lproj/Main.storyboard; sourceTree = "<group>"; };
		3F8AAB2926ECF1EB00939DA2 /* Assets.xcassets */ = {isa = PBXFileReference; lastKnownFileType = folder.assetcatalog; path = Assets.xcassets; sourceTree = "<group>"; };
		3F8AAB2C26ECF1EB00939DA2 /* Base */ = {isa = PBXFileReference; lastKnownFileType = file.storyboard; name = Base; path = Base.lproj/LaunchScreen.storyboard; sourceTree = "<group>"; };
		3F8AAB2E26ECF1EB00939DA2 /* Info.plist */ = {isa = PBXFileReference; lastKnownFileType = text.plist.xml; path = Info.plist; sourceTree = "<group>"; };
		3F8AAB3326ECF1EC00939DA2 /* AcronymSearchTests.xctest */ = {isa = PBXFileReference; explicitFileType = wrapper.cfbundle; includeInIndex = 0; path = AcronymSearchTests.xctest; sourceTree = BUILT_PRODUCTS_DIR; };
		3F8AAB3726ECF1EC00939DA2 /* AcronymSearchTests.swift */ = {isa = PBXFileReference; lastKnownFileType = sourcecode.swift; path = AcronymSearchTests.swift; sourceTree = "<group>"; };
		3F8AAB3926ECF1EC00939DA2 /* Info.plist */ = {isa = PBXFileReference; lastKnownFileType = text.plist.xml; path = Info.plist; sourceTree = "<group>"; };
		3F8AAB3E26ECF1EC00939DA2 /* AcronymSearchUITests.xctest */ = {isa = PBXFileReference; explicitFileType = wrapper.cfbundle; includeInIndex = 0; path = AcronymSearchUITests.xctest; sourceTree = BUILT_PRODUCTS_DIR; };
		3F8AAB4226ECF1EC00939DA2 /* AcronymSearchUITests.swift */ = {isa = PBXFileReference; lastKnownFileType = sourcecode.swift; path = AcronymSearchUITests.swift; sourceTree = "<group>"; };
		3F8AAB4426ECF1EC00939DA2 /* Info.plist */ = {isa = PBXFileReference; lastKnownFileType = text.plist.xml; path = Info.plist; sourceTree = "<group>"; };
		3F8AABC626ECF43D00939DA2 /* Domain.framework */ = {isa = PBXFileReference; explicitFileType = wrapper.framework; path = Domain.framework; sourceTree = BUILT_PRODUCTS_DIR; };
		3F8AABCA26ECF44100939DA2 /* Data.framework */ = {isa = PBXFileReference; explicitFileType = wrapper.framework; path = Data.framework; sourceTree = BUILT_PRODUCTS_DIR; };
		3F8AABDD26ED008A00939DA2 /* SearchViewController.swift */ = {isa = PBXFileReference; lastKnownFileType = sourcecode.swift; path = SearchViewController.swift; sourceTree = "<group>"; };
/* End PBXFileReference section */

/* Begin PBXFrameworksBuildPhase section */
		3F8AAB1A26ECF1E800939DA2 /* Frameworks */ = {
			isa = PBXFrameworksBuildPhase;
			buildActionMask = 2147483647;
			files = (
				3F8AABCB26ECF44100939DA2 /* Data.framework in Frameworks */,
				3F8AABC726ECF43D00939DA2 /* Domain.framework in Frameworks */,
			);
			runOnlyForDeploymentPostprocessing = 0;
		};
		3F8AAB3026ECF1EC00939DA2 /* Frameworks */ = {
			isa = PBXFrameworksBuildPhase;
			buildActionMask = 2147483647;
			files = (
			);
			runOnlyForDeploymentPostprocessing = 0;
		};
		3F8AAB3B26ECF1EC00939DA2 /* Frameworks */ = {
			isa = PBXFrameworksBuildPhase;
			buildActionMask = 2147483647;
			files = (
			);
			runOnlyForDeploymentPostprocessing = 0;
		};
/* End PBXFrameworksBuildPhase section */

/* Begin PBXGroup section */
		3F8AAB1426ECF1E800939DA2 = {
			isa = PBXGroup;
			children = (
				3F8AAB1F26ECF1E800939DA2 /* AcronymSearch */,
				3F8AAB3626ECF1EC00939DA2 /* AcronymSearchTests */,
				3F8AAB4126ECF1EC00939DA2 /* AcronymSearchUITests */,
				3F8AAB1E26ECF1E800939DA2 /* Products */,
				3F8AABC526ECF43D00939DA2 /* Frameworks */,
			);
			sourceTree = "<group>";
		};
		3F8AAB1E26ECF1E800939DA2 /* Products */ = {
			isa = PBXGroup;
			children = (
				3F8AAB1D26ECF1E800939DA2 /* AcronymSearch.app */,
				3F8AAB3326ECF1EC00939DA2 /* AcronymSearchTests.xctest */,
				3F8AAB3E26ECF1EC00939DA2 /* AcronymSearchUITests.xctest */,
			);
			name = Products;
			sourceTree = "<group>";
		};
		3F8AAB1F26ECF1E800939DA2 /* AcronymSearch */ = {
			isa = PBXGroup;
			children = (
				3F8AAB2E26ECF1EB00939DA2 /* Info.plist */,
				3F8AABE626ED015200939DA2 /* Setup */,
				3F8AABD626ECFFEE00939DA2 /* Presentation */,
			);
			path = AcronymSearch;
			sourceTree = "<group>";
		};
		3F8AAB3626ECF1EC00939DA2 /* AcronymSearchTests */ = {
			isa = PBXGroup;
			children = (
				3F8AAB3726ECF1EC00939DA2 /* AcronymSearchTests.swift */,
				3F8AAB3926ECF1EC00939DA2 /* Info.plist */,
			);
			path = AcronymSearchTests;
			sourceTree = "<group>";
		};
		3F8AAB4126ECF1EC00939DA2 /* AcronymSearchUITests */ = {
			isa = PBXGroup;
			children = (
				3F8AAB4226ECF1EC00939DA2 /* AcronymSearchUITests.swift */,
				3F8AAB4426ECF1EC00939DA2 /* Info.plist */,
			);
			path = AcronymSearchUITests;
			sourceTree = "<group>";
		};
		3F8AABC526ECF43D00939DA2 /* Frameworks */ = {
			isa = PBXGroup;
			children = (
				3F8AABCA26ECF44100939DA2 /* Data.framework */,
				3F8AABC626ECF43D00939DA2 /* Domain.framework */,
			);
			name = Frameworks;
			sourceTree = "<group>";
		};
		3F8AABD626ECFFEE00939DA2 /* Presentation */ = {
			isa = PBXGroup;
			children = (
				3F8AABD926ECFFFA00939DA2 /* View */,
				3F8AABDA26ED000500939DA2 /* Interactor */,
				3F8AABDB26ED000E00939DA2 /* Presenter */,
				3F8AABDC26ED003200939DA2 /* Router */,
			);
			path = Presentation;
			sourceTree = "<group>";
		};
		3F8AABD926ECFFFA00939DA2 /* View */ = {
			isa = PBXGroup;
			children = (
				3F8AABE326ED012300939DA2 /* Configurator */,
				3F8AABE226ED011000939DA2 /* Controller */,
				3F8AABE126ED00FA00939DA2 /* Cell */,
			);
			path = View;
			sourceTree = "<group>";
		};
		3F8AABDA26ED000500939DA2 /* Interactor */ = {
			isa = PBXGroup;
			children = (
			);
			path = Interactor;
			sourceTree = "<group>";
		};
		3F8AABDB26ED000E00939DA2 /* Presenter */ = {
			isa = PBXGroup;
			children = (
			);
			path = Presenter;
			sourceTree = "<group>";
		};
		3F8AABDC26ED003200939DA2 /* Router */ = {
			isa = PBXGroup;
			children = (
			);
			path = Router;
			sourceTree = "<group>";
		};
		3F8AABE126ED00FA00939DA2 /* Cell */ = {
			isa = PBXGroup;
			children = (
			);
			path = Cell;
			sourceTree = "<group>";
		};
		3F8AABE226ED011000939DA2 /* Controller */ = {
			isa = PBXGroup;
			children = (
				3F8AABDD26ED008A00939DA2 /* SearchViewController.swift */,
				3F8AAB2626ECF1E800939DA2 /* Main.storyboard */,
			);
			path = Controller;
			sourceTree = "<group>";
		};
		3F8AABE326ED012300939DA2 /* Configurator */ = {
			isa = PBXGroup;
			children = (
			);
			path = Configurator;
			sourceTree = "<group>";
		};
		3F8AABE626ED015200939DA2 /* Setup */ = {
			isa = PBXGroup;
			children = (
				3F8AAB2B26ECF1EB00939DA2 /* LaunchScreen.storyboard */,
				3F8AAB2226ECF1E800939DA2 /* SceneDelegate.swift */,
				3F8AAB2026ECF1E800939DA2 /* AppDelegate.swift */,
				3F8AAB2926ECF1EB00939DA2 /* Assets.xcassets */,
			);
			path = Setup;
			sourceTree = "<group>";
		};
/* End PBXGroup section */

/* Begin PBXNativeTarget section */
		3F8AAB1C26ECF1E800939DA2 /* AcronymSearch */ = {
			isa = PBXNativeTarget;
			buildConfigurationList = 3F8AAB4726ECF1EC00939DA2 /* Build configuration list for PBXNativeTarget "AcronymSearch" */;
			buildPhases = (
				3F8AAB1926ECF1E800939DA2 /* Sources */,
				3F8AAB1A26ECF1E800939DA2 /* Frameworks */,
				3F8AAB1B26ECF1E800939DA2 /* Resources */,
				3F8AABC926ECF43E00939DA2 /* Embed Frameworks */,
			);
			buildRules = (
			);
			dependencies = (
			);
			name = AcronymSearch;
			productName = AcronymSearch;
			productReference = 3F8AAB1D26ECF1E800939DA2 /* AcronymSearch.app */;
			productType = "com.apple.product-type.application";
		};
		3F8AAB3226ECF1EC00939DA2 /* AcronymSearchTests */ = {
			isa = PBXNativeTarget;
			buildConfigurationList = 3F8AAB4A26ECF1EC00939DA2 /* Build configuration list for PBXNativeTarget "AcronymSearchTests" */;
			buildPhases = (
				3F8AAB2F26ECF1EC00939DA2 /* Sources */,
				3F8AAB3026ECF1EC00939DA2 /* Frameworks */,
				3F8AAB3126ECF1EC00939DA2 /* Resources */,
			);
			buildRules = (
			);
			dependencies = (
				3F8AAB3526ECF1EC00939DA2 /* PBXTargetDependency */,
			);
			name = AcronymSearchTests;
			productName = AcronymSearchTests;
			productReference = 3F8AAB3326ECF1EC00939DA2 /* AcronymSearchTests.xctest */;
			productType = "com.apple.product-type.bundle.unit-test";
		};
		3F8AAB3D26ECF1EC00939DA2 /* AcronymSearchUITests */ = {
			isa = PBXNativeTarget;
			buildConfigurationList = 3F8AAB4D26ECF1EC00939DA2 /* Build configuration list for PBXNativeTarget "AcronymSearchUITests" */;
			buildPhases = (
				3F8AAB3A26ECF1EC00939DA2 /* Sources */,
				3F8AAB3B26ECF1EC00939DA2 /* Frameworks */,
				3F8AAB3C26ECF1EC00939DA2 /* Resources */,
			);
			buildRules = (
			);
			dependencies = (
				3F8AAB4026ECF1EC00939DA2 /* PBXTargetDependency */,
			);
			name = AcronymSearchUITests;
			productName = AcronymSearchUITests;
			productReference = 3F8AAB3E26ECF1EC00939DA2 /* AcronymSearchUITests.xctest */;
			productType = "com.apple.product-type.bundle.ui-testing";
		};
/* End PBXNativeTarget section */

/* Begin PBXProject section */
		3F8AAB1526ECF1E800939DA2 /* Project object */ = {
			isa = PBXProject;
			attributes = {
				LastSwiftUpdateCheck = 1240;
				LastUpgradeCheck = 1240;
				TargetAttributes = {
					3F8AAB1C26ECF1E800939DA2 = {
						CreatedOnToolsVersion = 12.4;
					};
					3F8AAB3226ECF1EC00939DA2 = {
						CreatedOnToolsVersion = 12.4;
						TestTargetID = 3F8AAB1C26ECF1E800939DA2;
					};
					3F8AAB3D26ECF1EC00939DA2 = {
						CreatedOnToolsVersion = 12.4;
						TestTargetID = 3F8AAB1C26ECF1E800939DA2;
					};
				};
			};
			buildConfigurationList = 3F8AAB1826ECF1E800939DA2 /* Build configuration list for PBXProject "AcronymSearch" */;
			compatibilityVersion = "Xcode 9.3";
			developmentRegion = en;
			hasScannedForEncodings = 0;
			knownRegions = (
				en,
				Base,
			);
			mainGroup = 3F8AAB1426ECF1E800939DA2;
			productRefGroup = 3F8AAB1E26ECF1E800939DA2 /* Products */;
			projectDirPath = "";
			projectRoot = "";
			targets = (
				3F8AAB1C26ECF1E800939DA2 /* AcronymSearch */,
				3F8AAB3226ECF1EC00939DA2 /* AcronymSearchTests */,
				3F8AAB3D26ECF1EC00939DA2 /* AcronymSearchUITests */,
			);
		};
/* End PBXProject section */

/* Begin PBXResourcesBuildPhase section */
		3F8AAB1B26ECF1E800939DA2 /* Resources */ = {
			isa = PBXResourcesBuildPhase;
			buildActionMask = 2147483647;
			files = (
				3F8AAB2D26ECF1EB00939DA2 /* LaunchScreen.storyboard in Resources */,
				3F8AAB2A26ECF1EB00939DA2 /* Assets.xcassets in Resources */,
				3F8AAB2826ECF1E800939DA2 /* Main.storyboard in Resources */,
			);
			runOnlyForDeploymentPostprocessing = 0;
		};
		3F8AAB3126ECF1EC00939DA2 /* Resources */ = {
			isa = PBXResourcesBuildPhase;
			buildActionMask = 2147483647;
			files = (
			);
			runOnlyForDeploymentPostprocessing = 0;
		};
		3F8AAB3C26ECF1EC00939DA2 /* Resources */ = {
			isa = PBXResourcesBuildPhase;
			buildActionMask = 2147483647;
			files = (
			);
			runOnlyForDeploymentPostprocessing = 0;
		};
/* End PBXResourcesBuildPhase section */

/* Begin PBXSourcesBuildPhase section */
		3F8AAB1926ECF1E800939DA2 /* Sources */ = {
			isa = PBXSourcesBuildPhase;
			buildActionMask = 2147483647;
			files = (
				3F8AAB2126ECF1E800939DA2 /* AppDelegate.swift in Sources */,
				3F8AABDE26ED008A00939DA2 /* SearchViewController.swift in Sources */,
				3F8AAB2326ECF1E800939DA2 /* SceneDelegate.swift in Sources */,
			);
			runOnlyForDeploymentPostprocessing = 0;
		};
		3F8AAB2F26ECF1EC00939DA2 /* Sources */ = {
			isa = PBXSourcesBuildPhase;
			buildActionMask = 2147483647;
			files = (
				3F8AAB3826ECF1EC00939DA2 /* AcronymSearchTests.swift in Sources */,
			);
			runOnlyForDeploymentPostprocessing = 0;
		};
		3F8AAB3A26ECF1EC00939DA2 /* Sources */ = {
			isa = PBXSourcesBuildPhase;
			buildActionMask = 2147483647;
			files = (
				3F8AAB4326ECF1EC00939DA2 /* AcronymSearchUITests.swift in Sources */,
			);
			runOnlyForDeploymentPostprocessing = 0;
		};
/* End PBXSourcesBuildPhase section */

/* Begin PBXTargetDependency section */
		3F8AAB3526ECF1EC00939DA2 /* PBXTargetDependency */ = {
			isa = PBXTargetDependency;
			target = 3F8AAB1C26ECF1E800939DA2 /* AcronymSearch */;
			targetProxy = 3F8AAB3426ECF1EC00939DA2 /* PBXContainerItemProxy */;
		};
		3F8AAB4026ECF1EC00939DA2 /* PBXTargetDependency */ = {
			isa = PBXTargetDependency;
			target = 3F8AAB1C26ECF1E800939DA2 /* AcronymSearch */;
			targetProxy = 3F8AAB3F26ECF1EC00939DA2 /* PBXContainerItemProxy */;
		};
/* End PBXTargetDependency section */

/* Begin PBXVariantGroup section */
		3F8AAB2626ECF1E800939DA2 /* Main.storyboard */ = {
			isa = PBXVariantGroup;
			children = (
				3F8AAB2726ECF1E800939DA2 /* Base */,
			);
			name = Main.storyboard;
			sourceTree = "<group>";
		};
		3F8AAB2B26ECF1EB00939DA2 /* LaunchScreen.storyboard */ = {
			isa = PBXVariantGroup;
			children = (
				3F8AAB2C26ECF1EB00939DA2 /* Base */,
			);
			name = LaunchScreen.storyboard;
			sourceTree = "<group>";
		};
/* End PBXVariantGroup section */

/* Begin XCBuildConfiguration section */
		3F8AAB4526ECF1EC00939DA2 /* Debug */ = {
			isa = XCBuildConfiguration;
			buildSettings = {
				ALWAYS_SEARCH_USER_PATHS = NO;
				CLANG_ANALYZER_NONNULL = YES;
				CLANG_ANALYZER_NUMBER_OBJECT_CONVERSION = YES_AGGRESSIVE;
				CLANG_CXX_LANGUAGE_STANDARD = "gnu++14";
				CLANG_CXX_LIBRARY = "libc++";
				CLANG_ENABLE_MODULES = YES;
				CLANG_ENABLE_OBJC_ARC = YES;
				CLANG_ENABLE_OBJC_WEAK = YES;
				CLANG_WARN_BLOCK_CAPTURE_AUTORELEASING = YES;
				CLANG_WARN_BOOL_CONVERSION = YES;
				CLANG_WARN_COMMA = YES;
				CLANG_WARN_CONSTANT_CONVERSION = YES;
				CLANG_WARN_DEPRECATED_OBJC_IMPLEMENTATIONS = YES;
				CLANG_WARN_DIRECT_OBJC_ISA_USAGE = YES_ERROR;
				CLANG_WARN_DOCUMENTATION_COMMENTS = YES;
				CLANG_WARN_EMPTY_BODY = YES;
				CLANG_WARN_ENUM_CONVERSION = YES;
				CLANG_WARN_INFINITE_RECURSION = YES;
				CLANG_WARN_INT_CONVERSION = YES;
				CLANG_WARN_NON_LITERAL_NULL_CONVERSION = YES;
				CLANG_WARN_OBJC_IMPLICIT_RETAIN_SELF = YES;
				CLANG_WARN_OBJC_LITERAL_CONVERSION = YES;
				CLANG_WARN_OBJC_ROOT_CLASS = YES_ERROR;
				CLANG_WARN_QUOTED_INCLUDE_IN_FRAMEWORK_HEADER = YES;
				CLANG_WARN_RANGE_LOOP_ANALYSIS = YES;
				CLANG_WARN_STRICT_PROTOTYPES = YES;
				CLANG_WARN_SUSPICIOUS_MOVE = YES;
				CLANG_WARN_UNGUARDED_AVAILABILITY = YES_AGGRESSIVE;
				CLANG_WARN_UNREACHABLE_CODE = YES;
				CLANG_WARN__DUPLICATE_METHOD_MATCH = YES;
				COPY_PHASE_STRIP = NO;
				DEBUG_INFORMATION_FORMAT = dwarf;
				ENABLE_STRICT_OBJC_MSGSEND = YES;
				ENABLE_TESTABILITY = YES;
				GCC_C_LANGUAGE_STANDARD = gnu11;
				GCC_DYNAMIC_NO_PIC = NO;
				GCC_NO_COMMON_BLOCKS = YES;
				GCC_OPTIMIZATION_LEVEL = 0;
				GCC_PREPROCESSOR_DEFINITIONS = (
					"DEBUG=1",
					"$(inherited)",
				);
				GCC_WARN_64_TO_32_BIT_CONVERSION = YES;
				GCC_WARN_ABOUT_RETURN_TYPE = YES_ERROR;
				GCC_WARN_UNDECLARED_SELECTOR = YES;
				GCC_WARN_UNINITIALIZED_AUTOS = YES_AGGRESSIVE;
				GCC_WARN_UNUSED_FUNCTION = YES;
				GCC_WARN_UNUSED_VARIABLE = YES;
				IPHONEOS_DEPLOYMENT_TARGET = 13.0;
				MTL_ENABLE_DEBUG_INFO = INCLUDE_SOURCE;
				MTL_FAST_MATH = YES;
				ONLY_ACTIVE_ARCH = YES;
				SDKROOT = iphoneos;
				SWIFT_ACTIVE_COMPILATION_CONDITIONS = DEBUG;
				SWIFT_OPTIMIZATION_LEVEL = "-Onone";
			};
			name = Debug;
		};
		3F8AAB4626ECF1EC00939DA2 /* Release */ = {
			isa = XCBuildConfiguration;
			buildSettings = {
				ALWAYS_SEARCH_USER_PATHS = NO;
				CLANG_ANALYZER_NONNULL = YES;
				CLANG_ANALYZER_NUMBER_OBJECT_CONVERSION = YES_AGGRESSIVE;
				CLANG_CXX_LANGUAGE_STANDARD = "gnu++14";
				CLANG_CXX_LIBRARY = "libc++";
				CLANG_ENABLE_MODULES = YES;
				CLANG_ENABLE_OBJC_ARC = YES;
				CLANG_ENABLE_OBJC_WEAK = YES;
				CLANG_WARN_BLOCK_CAPTURE_AUTORELEASING = YES;
				CLANG_WARN_BOOL_CONVERSION = YES;
				CLANG_WARN_COMMA = YES;
				CLANG_WARN_CONSTANT_CONVERSION = YES;
				CLANG_WARN_DEPRECATED_OBJC_IMPLEMENTATIONS = YES;
				CLANG_WARN_DIRECT_OBJC_ISA_USAGE = YES_ERROR;
				CLANG_WARN_DOCUMENTATION_COMMENTS = YES;
				CLANG_WARN_EMPTY_BODY = YES;
				CLANG_WARN_ENUM_CONVERSION = YES;
				CLANG_WARN_INFINITE_RECURSION = YES;
				CLANG_WARN_INT_CONVERSION = YES;
				CLANG_WARN_NON_LITERAL_NULL_CONVERSION = YES;
				CLANG_WARN_OBJC_IMPLICIT_RETAIN_SELF = YES;
				CLANG_WARN_OBJC_LITERAL_CONVERSION = YES;
				CLANG_WARN_OBJC_ROOT_CLASS = YES_ERROR;
				CLANG_WARN_QUOTED_INCLUDE_IN_FRAMEWORK_HEADER = YES;
				CLANG_WARN_RANGE_LOOP_ANALYSIS = YES;
				CLANG_WARN_STRICT_PROTOTYPES = YES;
				CLANG_WARN_SUSPICIOUS_MOVE = YES;
				CLANG_WARN_UNGUARDED_AVAILABILITY = YES_AGGRESSIVE;
				CLANG_WARN_UNREACHABLE_CODE = YES;
				CLANG_WARN__DUPLICATE_METHOD_MATCH = YES;
				COPY_PHASE_STRIP = NO;
				DEBUG_INFORMATION_FORMAT = "dwarf-with-dsym";
				ENABLE_NS_ASSERTIONS = NO;
				ENABLE_STRICT_OBJC_MSGSEND = YES;
				GCC_C_LANGUAGE_STANDARD = gnu11;
				GCC_NO_COMMON_BLOCKS = YES;
				GCC_WARN_64_TO_32_BIT_CONVERSION = YES;
				GCC_WARN_ABOUT_RETURN_TYPE = YES_ERROR;
				GCC_WARN_UNDECLARED_SELECTOR = YES;
				GCC_WARN_UNINITIALIZED_AUTOS = YES_AGGRESSIVE;
				GCC_WARN_UNUSED_FUNCTION = YES;
				GCC_WARN_UNUSED_VARIABLE = YES;
				IPHONEOS_DEPLOYMENT_TARGET = 13.0;
				MTL_ENABLE_DEBUG_INFO = NO;
				MTL_FAST_MATH = YES;
				SDKROOT = iphoneos;
				SWIFT_COMPILATION_MODE = wholemodule;
				SWIFT_OPTIMIZATION_LEVEL = "-O";
				VALIDATE_PRODUCT = YES;
			};
			name = Release;
		};
		3F8AAB4826ECF1EC00939DA2 /* Debug */ = {
			isa = XCBuildConfiguration;
			buildSettings = {
				ASSETCATALOG_COMPILER_APPICON_NAME = AppIcon;
				ASSETCATALOG_COMPILER_GLOBAL_ACCENT_COLOR_NAME = AccentColor;
				CODE_SIGN_STYLE = Automatic;
				DEVELOPMENT_TEAM = 9M6XRM7NTX;
				INFOPLIST_FILE = AcronymSearch/Info.plist;
				IPHONEOS_DEPLOYMENT_TARGET = 13.0;
				LD_RUNPATH_SEARCH_PATHS = (
					"$(inherited)",
					"@executable_path/Frameworks",
				);
				PRODUCT_BUNDLE_IDENTIFIER = com.jhonatahan.ios.AcronymSearch;
				PRODUCT_NAME = "$(TARGET_NAME)";
				SWIFT_VERSION = 5.0;
				TARGETED_DEVICE_FAMILY = "1,2";
			};
			name = Debug;
		};
		3F8AAB4926ECF1EC00939DA2 /* Release */ = {
			isa = XCBuildConfiguration;
			buildSettings = {
				ASSETCATALOG_COMPILER_APPICON_NAME = AppIcon;
				ASSETCATALOG_COMPILER_GLOBAL_ACCENT_COLOR_NAME = AccentColor;
				CODE_SIGN_STYLE = Automatic;
				DEVELOPMENT_TEAM = 9M6XRM7NTX;
				INFOPLIST_FILE = AcronymSearch/Info.plist;
				IPHONEOS_DEPLOYMENT_TARGET = 13.0;
				LD_RUNPATH_SEARCH_PATHS = (
					"$(inherited)",
					"@executable_path/Frameworks",
				);
				PRODUCT_BUNDLE_IDENTIFIER = com.jhonatahan.ios.AcronymSearch;
				PRODUCT_NAME = "$(TARGET_NAME)";
				SWIFT_VERSION = 5.0;
				TARGETED_DEVICE_FAMILY = "1,2";
			};
			name = Release;
		};
		3F8AAB4B26ECF1EC00939DA2 /* Debug */ = {
			isa = XCBuildConfiguration;
			buildSettings = {
				ALWAYS_EMBED_SWIFT_STANDARD_LIBRARIES = YES;
				BUNDLE_LOADER = "$(TEST_HOST)";
				CODE_SIGN_STYLE = Automatic;
				DEVELOPMENT_TEAM = 9M6XRM7NTX;
				INFOPLIST_FILE = AcronymSearchTests/Info.plist;
				IPHONEOS_DEPLOYMENT_TARGET = 14.4;
				LD_RUNPATH_SEARCH_PATHS = (
					"$(inherited)",
					"@executable_path/Frameworks",
					"@loader_path/Frameworks",
				);
				PRODUCT_BUNDLE_IDENTIFIER = com.jhonatahan.ios.AcronymSearchTests;
				PRODUCT_NAME = "$(TARGET_NAME)";
				SWIFT_VERSION = 5.0;
				TARGETED_DEVICE_FAMILY = "1,2";
				TEST_HOST = "$(BUILT_PRODUCTS_DIR)/AcronymSearch.app/AcronymSearch";
			};
			name = Debug;
		};
		3F8AAB4C26ECF1EC00939DA2 /* Release */ = {
			isa = XCBuildConfiguration;
			buildSettings = {
				ALWAYS_EMBED_SWIFT_STANDARD_LIBRARIES = YES;
				BUNDLE_LOADER = "$(TEST_HOST)";
				CODE_SIGN_STYLE = Automatic;
				DEVELOPMENT_TEAM = 9M6XRM7NTX;
				INFOPLIST_FILE = AcronymSearchTests/Info.plist;
				IPHONEOS_DEPLOYMENT_TARGET = 14.4;
				LD_RUNPATH_SEARCH_PATHS = (
					"$(inherited)",
					"@executable_path/Frameworks",
					"@loader_path/Frameworks",
				);
				PRODUCT_BUNDLE_IDENTIFIER = com.jhonatahan.ios.AcronymSearchTests;
				PRODUCT_NAME = "$(TARGET_NAME)";
				SWIFT_VERSION = 5.0;
				TARGETED_DEVICE_FAMILY = "1,2";
				TEST_HOST = "$(BUILT_PRODUCTS_DIR)/AcronymSearch.app/AcronymSearch";
			};
			name = Release;
		};
		3F8AAB4E26ECF1EC00939DA2 /* Debug */ = {
			isa = XCBuildConfiguration;
			buildSettings = {
				ALWAYS_EMBED_SWIFT_STANDARD_LIBRARIES = YES;
				CODE_SIGN_STYLE = Automatic;
				DEVELOPMENT_TEAM = 9M6XRM7NTX;
				INFOPLIST_FILE = AcronymSearchUITests/Info.plist;
				LD_RUNPATH_SEARCH_PATHS = (
					"$(inherited)",
					"@executable_path/Frameworks",
					"@loader_path/Frameworks",
				);
				PRODUCT_BUNDLE_IDENTIFIER = com.jhonatahan.ios.AcronymSearchUITests;
				PRODUCT_NAME = "$(TARGET_NAME)";
				SWIFT_VERSION = 5.0;
				TARGETED_DEVICE_FAMILY = "1,2";
				TEST_TARGET_NAME = AcronymSearch;
			};
			name = Debug;
		};
		3F8AAB4F26ECF1EC00939DA2 /* Release */ = {
			isa = XCBuildConfiguration;
			buildSettings = {
				ALWAYS_EMBED_SWIFT_STANDARD_LIBRARIES = YES;
				CODE_SIGN_STYLE = Automatic;
				DEVELOPMENT_TEAM = 9M6XRM7NTX;
				INFOPLIST_FILE = AcronymSearchUITests/Info.plist;
				LD_RUNPATH_SEARCH_PATHS = (
					"$(inherited)",
					"@executable_path/Frameworks",
					"@loader_path/Frameworks",
				);
				PRODUCT_BUNDLE_IDENTIFIER = com.jhonatahan.ios.AcronymSearchUITests;
				PRODUCT_NAME = "$(TARGET_NAME)";
				SWIFT_VERSION = 5.0;
				TARGETED_DEVICE_FAMILY = "1,2";
				TEST_TARGET_NAME = AcronymSearch;
			};
			name = Release;
		};
/* End XCBuildConfiguration section */

/* Begin XCConfigurationList section */
		3F8AAB1826ECF1E800939DA2 /* Build configuration list for PBXProject "AcronymSearch" */ = {
			isa = XCConfigurationList;
			buildConfigurations = (
				3F8AAB4526ECF1EC00939DA2 /* Debug */,
				3F8AAB4626ECF1EC00939DA2 /* Release */,
			);
			defaultConfigurationIsVisible = 0;
			defaultConfigurationName = Release;
		};
		3F8AAB4726ECF1EC00939DA2 /* Build configuration list for PBXNativeTarget "AcronymSearch" */ = {
			isa = XCConfigurationList;
			buildConfigurations = (
				3F8AAB4826ECF1EC00939DA2 /* Debug */,
				3F8AAB4926ECF1EC00939DA2 /* Release */,
			);
			defaultConfigurationIsVisible = 0;
			defaultConfigurationName = Release;
		};
		3F8AAB4A26ECF1EC00939DA2 /* Build configuration list for PBXNativeTarget "AcronymSearchTests" */ = {
			isa = XCConfigurationList;
			buildConfigurations = (
				3F8AAB4B26ECF1EC00939DA2 /* Debug */,
				3F8AAB4C26ECF1EC00939DA2 /* Release */,
			);
			defaultConfigurationIsVisible = 0;
			defaultConfigurationName = Release;
		};
		3F8AAB4D26ECF1EC00939DA2 /* Build configuration list for PBXNativeTarget "AcronymSearchUITests" */ = {
			isa = XCConfigurationList;
			buildConfigurations = (
				3F8AAB4E26ECF1EC00939DA2 /* Debug */,
				3F8AAB4F26ECF1EC00939DA2 /* Release */,
			);
			defaultConfigurationIsVisible = 0;
			defaultConfigurationName = Release;
		};
/* End XCConfigurationList section */
	};
	rootObject = 3F8AAB1526ECF1E800939DA2 /* Project object */;
}
